
Microsoft Visual Studio Solution File, Format Version 12.00
# Visual Studio 2012
Project("{FAE04EC0-301F-11D3-BF4B-00C04F79EFBC}") = "EzLikeTDD", "EzLikeTDD\EzLikeTDD.csproj", "{2D5C7BDB-0623-4754-91A2-96013EE0CA67}"
EndProject
Project("{FAE04EC0-301F-11D3-BF4B-00C04F79EFBC}") = "EzlikeTDD.Test", "EzlikeTDD.Test\EzlikeTDD.Test.csproj", "{56A5208E-E52F-45ED-9077-87E3FEAA0982}"
EndProject
Global
	GlobalSection(SolutionConfigurationPlatforms) = preSolution
		Debug|Any CPU = Debug|Any CPU
		Release|Any CPU = Release|Any CPU
	EndGlobalSection
	GlobalSection(ProjectConfigurationPlatforms) = postSolution
		{2D5C7BDB-0623-4754-91A2-96013EE0CA67}.Debug|Any CPU.ActiveCfg = Debug|Any CPU
		{2D5C7BDB-0623-4754-91A2-96013EE0CA67}.Debug|Any CPU.Build.0 = Debug|Any CPU
		{2D5C7BDB-0623-4754-91A2-96013EE0CA67}.Release|Any CPU.ActiveCfg = Release|Any CPU
		{2D5C7BDB-0623-4754-91A2-96013EE0CA67}.Release|Any CPU.Build.0 = Release|Any CPU
		{56A5208E-E52F-45ED-9077-87E3FEAA0982}.Debug|Any CPU.ActiveCfg = Debug|Any CPU
		{56A5208E-E52F-45ED-9077-87E3FEAA0982}.Debug|Any CPU.Build.0 = Debug|Any CPU
		{56A5208E-E52F-45ED-9077-87E3FEAA0982}.Release|Any CPU.ActiveCfg = Release|Any CPU
		{56A5208E-E52F-45ED-9077-87E3FEAA0982}.Release|Any CPU.Build.0 = Release|Any CPU
	EndGlobalSection
	GlobalSection(SolutionProperties) = preSolution
		HideSolutionNode = FALSE
	EndGlobalSection
EndGlobal
